
Microsoft Visual Studio Solution File, Format Version 12.00
# Visual Studio Version 17
VisualStudioVersion = 17.3.32901.215
MinimumVisualStudioVersion = 10.0.40219.1
Project("{FAE04EC0-301F-11D3-BF4B-00C04F79EFBC}") = "View", "View\View.csproj", "{461F3FC7-1704-416C-B67E-2A370350069E}"
EndProject
Project("{FAE04EC0-301F-11D3-BF4B-00C04F79EFBC}") = "Controller", "Controllers\Controller.csproj", "{89AF2578-22A3-4992-A0CB-2BFFDA91F7A0}"
EndProject
Project("{FAE04EC0-301F-11D3-BF4B-00C04F79EFBC}") = "Model", "Model\Model.csproj", "{F5FFE29B-CE9D-4B88-99E1-608E2D54853A}"
EndProject
Global
	GlobalSection(SolutionConfigurationPlatforms) = preSolution
		Debug|Any CPU = Debug|Any CPU
		Release|Any CPU = Release|Any CPU
	EndGlobalSection
	GlobalSection(ProjectConfigurationPlatforms) = postSolution
		{461F3FC7-1704-416C-B67E-2A370350069E}.Debug|Any CPU.ActiveCfg = Debug|Any CPU
		{461F3FC7-1704-416C-B67E-2A370350069E}.Debug|Any CPU.Build.0 = Debug|Any CPU
		{461F3FC7-1704-416C-B67E-2A370350069E}.Release|Any CPU.ActiveCfg = Release|Any CPU
		{461F3FC7-1704-416C-B67E-2A370350069E}.Release|Any CPU.Build.0 = Release|Any CPU
		{89AF2578-22A3-4992-A0CB-2BFFDA91F7A0}.Debug|Any CPU.ActiveCfg = Debug|Any CPU
		{89AF2578-22A3-4992-A0CB-2BFFDA91F7A0}.Debug|Any CPU.Build.0 = Debug|Any CPU
		{89AF2578-22A3-4992-A0CB-2BFFDA91F7A0}.Release|Any CPU.ActiveCfg = Release|Any CPU
		{89AF2578-22A3-4992-A0CB-2BFFDA91F7A0}.Release|Any CPU.Build.0 = Release|Any CPU
		{F5FFE29B-CE9D-4B88-99E1-608E2D54853A}.Debug|Any CPU.ActiveCfg = Debug|Any CPU
		{F5FFE29B-CE9D-4B88-99E1-608E2D54853A}.Debug|Any CPU.Build.0 = Debug|Any CPU
		{F5FFE29B-CE9D-4B88-99E1-608E2D54853A}.Release|Any CPU.ActiveCfg = Release|Any CPU
		{F5FFE29B-CE9D-4B88-99E1-608E2D54853A}.Release|Any CPU.Build.0 = Release|Any CPU
	EndGlobalSection
	GlobalSection(SolutionProperties) = preSolution
		HideSolutionNode = FALSE
	EndGlobalSection
	GlobalSection(ExtensibilityGlobals) = postSolution
		SolutionGuid = {CC7C206B-4155-4480-AE00-DE6FD9E04274}
	EndGlobalSection
EndGlobal
